
Microsoft Visual Studio Solution File, Format Version 12.00
# Visual Studio Version 16
VisualStudioVersion = 16.0.28803.352
MinimumVisualStudioVersion = 10.0.40219.1
Project("{FAE04EC0-301F-11D3-BF4B-00C04F79EFBC}") = "KQMLTests", "KQMLTests\KQMLTests.csproj", "{6C273B91-5DEA-4A2B-8DF5-1B05549B26D8}"
EndProject
Project("{FAE04EC0-301F-11D3-BF4B-00C04F79EFBC}") = "Companions", "Companions\Companions.csproj", "{DF281149-B615-4192-8F7C-96D7680CB87C}"
EndProject
Project("{9A19103F-16F7-4668-BE54-9A1E7A4F7556}") = "KQML", "KQML\KQML.csproj", "{209C63F6-9B11-4016-A4E1-95374D1434BB}"
EndProject
Global
	GlobalSection(SolutionConfigurationPlatforms) = preSolution
		Debug|Any CPU = Debug|Any CPU
		Release|Any CPU = Release|Any CPU
	EndGlobalSection
	GlobalSection(ProjectConfigurationPlatforms) = postSolution
		{6C273B91-5DEA-4A2B-8DF5-1B05549B26D8}.Debug|Any CPU.ActiveCfg = Debug|Any CPU
		{6C273B91-5DEA-4A2B-8DF5-1B05549B26D8}.Debug|Any CPU.Build.0 = Debug|Any CPU
		{6C273B91-5DEA-4A2B-8DF5-1B05549B26D8}.Release|Any CPU.ActiveCfg = Release|Any CPU
		{6C273B91-5DEA-4A2B-8DF5-1B05549B26D8}.Release|Any CPU.Build.0 = Release|Any CPU
		{DF281149-B615-4192-8F7C-96D7680CB87C}.Debug|Any CPU.ActiveCfg = Debug|Any CPU
		{DF281149-B615-4192-8F7C-96D7680CB87C}.Debug|Any CPU.Build.0 = Debug|Any CPU
		{DF281149-B615-4192-8F7C-96D7680CB87C}.Release|Any CPU.ActiveCfg = Release|Any CPU
		{DF281149-B615-4192-8F7C-96D7680CB87C}.Release|Any CPU.Build.0 = Release|Any CPU
		{209C63F6-9B11-4016-A4E1-95374D1434BB}.Debug|Any CPU.ActiveCfg = Debug|Any CPU
		{209C63F6-9B11-4016-A4E1-95374D1434BB}.Debug|Any CPU.Build.0 = Debug|Any CPU
		{209C63F6-9B11-4016-A4E1-95374D1434BB}.Release|Any CPU.ActiveCfg = Release|Any CPU
		{209C63F6-9B11-4016-A4E1-95374D1434BB}.Release|Any CPU.Build.0 = Release|Any CPU
	EndGlobalSection
	GlobalSection(SolutionProperties) = preSolution
		HideSolutionNode = FALSE
	EndGlobalSection
	GlobalSection(ExtensibilityGlobals) = postSolution
		SolutionGuid = {2D7D145F-5AB6-495C-9F15-B982B64F8A34}
	EndGlobalSection
EndGlobal
