
Microsoft Visual Studio Solution File, Format Version 12.00
# Visual Studio Version 16
VisualStudioVersion = 16.0.28803.352
MinimumVisualStudioVersion = 10.0.40219.1
Project("{FAE04EC0-301F-11D3-BF4B-00C04F79EFBC}") = "KQMLTests", "KQMLTests\KQMLTests.csproj", "{6C273B91-5DEA-4A2B-8DF5-1B05549B26D8}"
EndProject
Project("{FAE04EC0-301F-11D3-BF4B-00C04F79EFBC}") = "KQML", "KQML2\KQML.csproj", "{083A99DB-4D84-4132-94C9-C2E595825B25}"
EndProject
Global
	GlobalSection(SolutionConfigurationPlatforms) = preSolution
		Debug|Any CPU = Debug|Any CPU
		Release|Any CPU = Release|Any CPU
	EndGlobalSection
	GlobalSection(ProjectConfigurationPlatforms) = postSolution
		{6C273B91-5DEA-4A2B-8DF5-1B05549B26D8}.Debug|Any CPU.ActiveCfg = Debug|Any CPU
		{6C273B91-5DEA-4A2B-8DF5-1B05549B26D8}.Debug|Any CPU.Build.0 = Debug|Any CPU
		{6C273B91-5DEA-4A2B-8DF5-1B05549B26D8}.Release|Any CPU.ActiveCfg = Release|Any CPU
		{6C273B91-5DEA-4A2B-8DF5-1B05549B26D8}.Release|Any CPU.Build.0 = Release|Any CPU
		{083A99DB-4D84-4132-94C9-C2E595825B25}.Debug|Any CPU.ActiveCfg = Debug|Any CPU
		{083A99DB-4D84-4132-94C9-C2E595825B25}.Debug|Any CPU.Build.0 = Debug|Any CPU
		{083A99DB-4D84-4132-94C9-C2E595825B25}.Release|Any CPU.ActiveCfg = Release|Any CPU
		{083A99DB-4D84-4132-94C9-C2E595825B25}.Release|Any CPU.Build.0 = Release|Any CPU
	EndGlobalSection
	GlobalSection(SolutionProperties) = preSolution
		HideSolutionNode = FALSE
	EndGlobalSection
	GlobalSection(ExtensibilityGlobals) = postSolution
		SolutionGuid = {2D7D145F-5AB6-495C-9F15-B982B64F8A34}
	EndGlobalSection
EndGlobal
